
Microsoft Visual Studio Solution File, Format Version 12.00
# Visual Studio 15
VisualStudioVersion = 15.0.27703.2035
MinimumVisualStudioVersion = 10.0.40219.1
Project("{FAE04EC0-301F-11D3-BF4B-00C04F79EFBC}") = "WLANThermoDesktopApp", "WLANThermoDesktopApp\WLANThermoDesktopApp.csproj", "{E5297B30-9C83-4E4C-8E17-FB688E4E8003}"
EndProject
Global
	GlobalSection(SolutionConfigurationPlatforms) = preSolution
		Debug|Any CPU = Debug|Any CPU
		Release|Any CPU = Release|Any CPU
	EndGlobalSection
	GlobalSection(ProjectConfigurationPlatforms) = postSolution
		{E5297B30-9C83-4E4C-8E17-FB688E4E8003}.Debug|Any CPU.ActiveCfg = Debug|Any CPU
		{E5297B30-9C83-4E4C-8E17-FB688E4E8003}.Debug|Any CPU.Build.0 = Debug|Any CPU
		{E5297B30-9C83-4E4C-8E17-FB688E4E8003}.Release|Any CPU.ActiveCfg = Release|Any CPU
		{E5297B30-9C83-4E4C-8E17-FB688E4E8003}.Release|Any CPU.Build.0 = Release|Any CPU
	EndGlobalSection
	GlobalSection(SolutionProperties) = preSolution
		HideSolutionNode = FALSE
	EndGlobalSection
	GlobalSection(ExtensibilityGlobals) = postSolution
		SolutionGuid = {20F36CAD-4C58-4469-9C37-8AF2F3D24D9D}
	EndGlobalSection
EndGlobal
